{
  "name": "broadband_cat",
  "version": "1.0.0",
  "lockfileVersion": 1,
  "requires": true,
  "dependencies": {
    "three-plain-animator": {
      "version": "1.1.2",
      "resolved": "https://registry.npmjs.org/three-plain-animator/-/three-plain-animator-1.1.2.tgz",
      "integrity": "sha512-oUV32MEfKKa0AnuXZFaJlxE54wsDE3F/dUh2ltoP7/ecGXkQJVG439dJMLuknq0P9Nl/lPQ7NGctOWvecsFppg=="
    }
  }
}
